
Microsoft Visual Studio Solution File, Format Version 12.00
# Visual Studio Version 17
VisualStudioVersion = 17.13.35931.197 d17.13
MinimumVisualStudioVersion = 10.0.40219.1
Project("{FAE04EC0-301F-11D3-BF4B-00C04F79EFBC}") = "DuckSimulator", "DuckSimulator.csproj", "{9816DD3E-2C29-43FC-A52E-3EB8EDB5859A}"
EndProject
Global
	GlobalSection(SolutionConfigurationPlatforms) = preSolution
		Debug|Any CPU = Debug|Any CPU
		Release|Any CPU = Release|Any CPU
	EndGlobalSection
	GlobalSection(ProjectConfigurationPlatforms) = postSolution
		{9816DD3E-2C29-43FC-A52E-3EB8EDB5859A}.Debug|Any CPU.ActiveCfg = Debug|Any CPU
		{9816DD3E-2C29-43FC-A52E-3EB8EDB5859A}.Debug|Any CPU.Build.0 = Debug|Any CPU
		{9816DD3E-2C29-43FC-A52E-3EB8EDB5859A}.Release|Any CPU.ActiveCfg = Release|Any CPU
		{9816DD3E-2C29-43FC-A52E-3EB8EDB5859A}.Release|Any CPU.Build.0 = Release|Any CPU
	EndGlobalSection
	GlobalSection(SolutionProperties) = preSolution
		HideSolutionNode = FALSE
	EndGlobalSection
	GlobalSection(ExtensibilityGlobals) = postSolution
		SolutionGuid = {3965721F-796B-4116-885C-CA74CE9F06E2}
	EndGlobalSection
EndGlobal
